// !$*UTF8*$!
{
	archiveVersion = 1;
	classes = {
	};
	objectVersion = 45;
	objects = {

/* Begin PBXBuildFile section */
		5CA2C5DF11258F32007EC336 /* lua.framework in Frameworks */ = {isa = PBXBuildFile; fileRef = 5CA2C5DE11258F32007EC336 /* lua.framework */; };
		5CA2C5E611258F98007EC336 /* lua.cpp in Sources */ = {isa = PBXBuildFile; fileRef = 5CA2C5E511258F98007EC336 /* lua.cpp */; };
		5CDDFABF113474C800B501B5 /* env.lua in Sources */ = {isa = PBXBuildFile; fileRef = 5CDDFABE113474C800B501B5 /* env.lua */; };
		5CFAD2C0100E35EF00CEA98D /* log.cpp in Sources */ = {isa = PBXBuildFile; fileRef = 5CFAD2BF100E35EF00CEA98D /* log.cpp */; };
		5CFAD2C3100E35FD00CEA98D /* bot_handler.cpp in Sources */ = {isa = PBXBuildFile; fileRef = 5CFAD2C2100E35FD00CEA98D /* bot_handler.cpp */; };
		5CFAD2C6100E360400CEA98D /* bot_states.cpp in Sources */ = {isa = PBXBuildFile; fileRef = 5CFAD2C5100E360400CEA98D /* bot_states.cpp */; };
		5CFAD2C9100E360E00CEA98D /* config.cpp in Sources */ = {isa = PBXBuildFile; fileRef = 5CFAD2C8100E360E00CEA98D /* config.cpp */; };
		5CFAD305100E374800CEA98D /* SDL_net.framework in Frameworks */ = {isa = PBXBuildFile; fileRef = 5CFAD304100E374800CEA98D /* SDL_net.framework */; };
		5CFAD44C100E503B00CEA98D /* SDL.framework in Frameworks */ = {isa = PBXBuildFile; fileRef = 5CFAD44B100E503B00CEA98D /* SDL.framework */; };
		5CFAD4AC100E514F00CEA98D /* Cocoa.framework in Frameworks */ = {isa = PBXBuildFile; fileRef = 5CFAD4AB100E514F00CEA98D /* Cocoa.framework */; };
		5CFAD4B2100E519700CEA98D /* AppKit.framework in Frameworks */ = {isa = PBXBuildFile; fileRef = 5CFAD4B1100E519700CEA98D /* AppKit.framework */; };
		5CFAD4B4100E519700CEA98D /* Foundation.framework in Frameworks */ = {isa = PBXBuildFile; fileRef = 5CFAD4B3100E519700CEA98D /* Foundation.framework */; };
		5CFD59B011271710001065D4 /* lua_bindings.cpp in Sources */ = {isa = PBXBuildFile; fileRef = 5CFD59AF11271710001065D4 /* lua_bindings.cpp */; };
		5CFF82E910100058002C85DF /* util.cpp in Sources */ = {isa = PBXBuildFile; fileRef = 5CFF82E810100058002C85DF /* util.cpp */; };
		8DD76F650486A84900D96B5E /* main.cpp in Sources */ = {isa = PBXBuildFile; fileRef = 08FB7796FE84155DC02AAC07 /* main.cpp */; settings = {ATTRIBUTES = (); }; };
/* End PBXBuildFile section */

/* Begin PBXCopyFilesBuildPhase section */
		8DD76F690486A84900D96B5E /* CopyFiles */ = {
			isa = PBXCopyFilesBuildPhase;
			buildActionMask = 8;
			dstPath = /usr/share/man/man1/;
			dstSubfolderSpec = 0;
			files = (
			);
			runOnlyForDeploymentPostprocessing = 1;
		};
/* End PBXCopyFilesBuildPhase section */

/* Begin PBXFileReference section */
		08FB7796FE84155DC02AAC07 /* main.cpp */ = {isa = PBXFileReference; fileEncoding = 4; lastKnownFileType = sourcecode.cpp.cpp; path = main.cpp; sourceTree = "<group>"; };
		5C749B691125BBEF0079A57A /* system.lua */ = {isa = PBXFileReference; fileEncoding = 4; lastKnownFileType = text; path = system.lua; sourceTree = "<group>"; xcLanguageSpecificationIdentifier = xcode.lang.lua; };
		5C749B6A1125BBEF0079A57A /* time.lua */ = {isa = PBXFileReference; fileEncoding = 4; lastKnownFileType = text; path = time.lua; sourceTree = "<group>"; xcLanguageSpecificationIdentifier = xcode.lang.lua; };
		5C9369B810125A0B0059AF48 /* premake4.lua */ = {isa = PBXFileReference; fileEncoding = 4; lastKnownFileType = text; path = premake4.lua; sourceTree = "<group>"; xcLanguageSpecificationIdentifier = xcode.lang.javascript; };
		5C97DC25100E7B1000F6741B /* platform.h */ = {isa = PBXFileReference; fileEncoding = 4; lastKnownFileType = sourcecode.c.h; path = platform.h; sourceTree = "<group>"; };
		5CA2C5DE11258F32007EC336 /* lua.framework */ = {isa = PBXFileReference; lastKnownFileType = wrapper.framework; name = lua.framework; path = Library/Frameworks/lua.framework; sourceTree = SDKROOT; };
		5CA2C5E411258F98007EC336 /* lua.h */ = {isa = PBXFileReference; fileEncoding = 4; lastKnownFileType = sourcecode.c.h; path = lua.h; sourceTree = "<group>"; };
		5CA2C5E511258F98007EC336 /* lua.cpp */ = {isa = PBXFileReference; fileEncoding = 4; lastKnownFileType = sourcecode.cpp.cpp; path = lua.cpp; sourceTree = "<group>"; };
		5CA2C60B112592C9007EC336 /* help.lua */ = {isa = PBXFileReference; fileEncoding = 4; lastKnownFileType = text; path = help.lua; sourceTree = "<group>"; xcLanguageSpecificationIdentifier = xcode.lang.lua; };
		5CA3F8EE100F8244005B3F26 /* net_tcp.h */ = {isa = PBXFileReference; fileEncoding = 4; lastKnownFileType = sourcecode.c.h; path = net_tcp.h; sourceTree = "<group>"; };
		5CA3F90B100F8393005B3F26 /* net_protocol.h */ = {isa = PBXFileReference; fileEncoding = 4; lastKnownFileType = sourcecode.c.h; path = net_protocol.h; sourceTree = "<group>"; };
		5CA3FA81100FB210005B3F26 /* util.h */ = {isa = PBXFileReference; fileEncoding = 4; lastKnownFileType = sourcecode.c.h; path = util.h; sourceTree = "<group>"; };
		5CC3E5D711288E8A00B4395E /* bindings_test.lua */ = {isa = PBXFileReference; fileEncoding = 4; lastKnownFileType = sourcecode.lua; path = bindings_test.lua; sourceTree = "<group>"; };
		5CDDFABE113474C800B501B5 /* env.lua */ = {isa = PBXFileReference; fileEncoding = 4; lastKnownFileType = sourcecode.lua; path = env.lua; sourceTree = "<group>"; };
		5CFAD2BE100E35EF00CEA98D /* log.h */ = {isa = PBXFileReference; fileEncoding = 4; lastKnownFileType = sourcecode.c.h; path = log.h; sourceTree = "<group>"; };
		5CFAD2BF100E35EF00CEA98D /* log.cpp */ = {isa = PBXFileReference; fileEncoding = 4; lastKnownFileType = sourcecode.cpp.cpp; path = log.cpp; sourceTree = "<group>"; };
		5CFAD2C1100E35FD00CEA98D /* bot_handler.h */ = {isa = PBXFileReference; fileEncoding = 4; lastKnownFileType = sourcecode.c.h; path = bot_handler.h; sourceTree = "<group>"; };
		5CFAD2C2100E35FD00CEA98D /* bot_handler.cpp */ = {isa = PBXFileReference; fileEncoding = 4; lastKnownFileType = sourcecode.cpp.cpp; path = bot_handler.cpp; sourceTree = "<group>"; };
		5CFAD2C4100E360400CEA98D /* bot_states.h */ = {isa = PBXFileReference; fileEncoding = 4; lastKnownFileType = sourcecode.c.h; path = bot_states.h; sourceTree = "<group>"; };
		5CFAD2C5100E360400CEA98D /* bot_states.cpp */ = {isa = PBXFileReference; fileEncoding = 4; lastKnownFileType = sourcecode.cpp.cpp; path = bot_states.cpp; sourceTree = "<group>"; };
		5CFAD2C7100E360E00CEA98D /* config.h */ = {isa = PBXFileReference; fileEncoding = 4; lastKnownFileType = sourcecode.c.h; path = config.h; sourceTree = "<group>"; };
		5CFAD2C8100E360E00CEA98D /* config.cpp */ = {isa = PBXFileReference; fileEncoding = 4; lastKnownFileType = sourcecode.cpp.cpp; path = config.cpp; sourceTree = "<group>"; };
		5CFAD2CA100E361800CEA98D /* net.h */ = {isa = PBXFileReference; fileEncoding = 4; lastKnownFileType = sourcecode.c.h; path = net.h; sourceTree = "<group>"; };
		5CFAD304100E374800CEA98D /* SDL_net.framework */ = {isa = PBXFileReference; lastKnownFileType = wrapper.framework; name = SDL_net.framework; path = /Library/Frameworks/SDL_net.framework; sourceTree = "<absolute>"; };
		5CFAD44B100E503B00CEA98D /* SDL.framework */ = {isa = PBXFileReference; lastKnownFileType = wrapper.framework; name = SDL.framework; path = /Library/Frameworks/SDL.framework; sourceTree = "<absolute>"; };
		5CFAD4AB100E514F00CEA98D /* Cocoa.framework */ = {isa = PBXFileReference; lastKnownFileType = wrapper.framework; name = Cocoa.framework; path = /System/Library/Frameworks/Cocoa.framework; sourceTree = "<absolute>"; };
		5CFAD4B1100E519700CEA98D /* AppKit.framework */ = {isa = PBXFileReference; lastKnownFileType = wrapper.framework; name = AppKit.framework; path = /System/Library/Frameworks/AppKit.framework; sourceTree = "<absolute>"; };
		5CFAD4B3100E519700CEA98D /* Foundation.framework */ = {isa = PBXFileReference; lastKnownFileType = wrapper.framework; name = Foundation.framework; path = /System/Library/Frameworks/Foundation.framework; sourceTree = "<absolute>"; };
		5CFAD645100E55C800CEA98D /* main.h */ = {isa = PBXFileReference; fileEncoding = 4; lastKnownFileType = sourcecode.c.h; path = main.h; sourceTree = "<group>"; };
		5CFD59AE11271710001065D4 /* lua_bindings.h */ = {isa = PBXFileReference; fileEncoding = 4; lastKnownFileType = sourcecode.c.h; path = lua_bindings.h; sourceTree = "<group>"; };
		5CFD59AF11271710001065D4 /* lua_bindings.cpp */ = {isa = PBXFileReference; fileEncoding = 4; lastKnownFileType = sourcecode.cpp.cpp; path = lua_bindings.cpp; sourceTree = "<group>"; };
		5CFF82E810100058002C85DF /* util.cpp */ = {isa = PBXFileReference; fileEncoding = 4; lastKnownFileType = sourcecode.cpp.cpp; path = util.cpp; sourceTree = "<group>"; };
		8DD76F6C0486A84900D96B5E /* unibot_d */ = {isa = PBXFileReference; explicitFileType = "compiled.mach-o.executable"; includeInIndex = 0; path = unibot_d; sourceTree = BUILT_PRODUCTS_DIR; };
/* End PBXFileReference section */

/* Begin PBXFrameworksBuildPhase section */
		8DD76F660486A84900D96B5E /* Frameworks */ = {
			isa = PBXFrameworksBuildPhase;
			buildActionMask = 2147483647;
			files = (
				5CFAD305100E374800CEA98D /* SDL_net.framework in Frameworks */,
				5CFAD44C100E503B00CEA98D /* SDL.framework in Frameworks */,
				5CFAD4AC100E514F00CEA98D /* Cocoa.framework in Frameworks */,
				5CFAD4B2100E519700CEA98D /* AppKit.framework in Frameworks */,
				5CFAD4B4100E519700CEA98D /* Foundation.framework in Frameworks */,
				5CA2C5DF11258F32007EC336 /* lua.framework in Frameworks */,
			);
			runOnlyForDeploymentPostprocessing = 0;
		};
/* End PBXFrameworksBuildPhase section */

/* Begin PBXGroup section */
		08FB7794FE84155DC02AAC07 /* unibot */ = {
			isa = PBXGroup;
			children = (
				5C9369B810125A0B0059AF48 /* premake4.lua */,
				08FB7795FE84155DC02AAC07 /* Source */,
				5CA2C6091125929D007EC336 /* scripts */,
				5CFAD475100E504500CEA98D /* Frameworks */,
				1AB674ADFE9D54B511CA2CBB /* Products */,
			);
			name = unibot;
			sourceTree = "<group>";
		};
		08FB7795FE84155DC02AAC07 /* Source */ = {
			isa = PBXGroup;
			children = (
				08FB7796FE84155DC02AAC07 /* main.cpp */,
				5CFAD645100E55C800CEA98D /* main.h */,
				5CFAD2CA100E361800CEA98D /* net.h */,
				5CA3F90B100F8393005B3F26 /* net_protocol.h */,
				5CA3F8EE100F8244005B3F26 /* net_tcp.h */,
				5CFAD2BF100E35EF00CEA98D /* log.cpp */,
				5CFAD2BE100E35EF00CEA98D /* log.h */,
				5CFAD2C2100E35FD00CEA98D /* bot_handler.cpp */,
				5CFAD2C1100E35FD00CEA98D /* bot_handler.h */,
				5CFAD2C5100E360400CEA98D /* bot_states.cpp */,
				5CFAD2C4100E360400CEA98D /* bot_states.h */,
				5CFAD2C8100E360E00CEA98D /* config.cpp */,
				5CFAD2C7100E360E00CEA98D /* config.h */,
				5CFF82E810100058002C85DF /* util.cpp */,
				5CA3FA81100FB210005B3F26 /* util.h */,
				5CA2C5E511258F98007EC336 /* lua.cpp */,
				5CA2C5E411258F98007EC336 /* lua.h */,
				5CFD59AF11271710001065D4 /* lua_bindings.cpp */,
				5CFD59AE11271710001065D4 /* lua_bindings.h */,
				5C97DC25100E7B1000F6741B /* platform.h */,
			);
			name = Source;
			sourceTree = "<group>";
		};
		1AB674ADFE9D54B511CA2CBB /* Products */ = {
			isa = PBXGroup;
			children = (
				8DD76F6C0486A84900D96B5E /* unibot_d */,
			);
			name = Products;
			sourceTree = "<group>";
		};
		5CA2C6091125929D007EC336 /* scripts */ = {
			isa = PBXGroup;
			children = (
				5CC3E5D711288E8A00B4395E /* bindings_test.lua */,
				5C749B691125BBEF0079A57A /* system.lua */,
				5C749B6A1125BBEF0079A57A /* time.lua */,
				5CA2C60B112592C9007EC336 /* help.lua */,
				5CDDFABE113474C800B501B5 /* env.lua */,
			);
			path = scripts;
			sourceTree = "<group>";
		};
		5CFAD475100E504500CEA98D /* Frameworks */ = {
			isa = PBXGroup;
			children = (
				5CFAD4B1100E519700CEA98D /* AppKit.framework */,
				5CFAD4B3100E519700CEA98D /* Foundation.framework */,
				5CFAD44B100E503B00CEA98D /* SDL.framework */,
				5CFAD304100E374800CEA98D /* SDL_net.framework */,
				5CFAD4AB100E514F00CEA98D /* Cocoa.framework */,
				5CA2C5DE11258F32007EC336 /* lua.framework */,
			);
			name = Frameworks;
			sourceTree = "<group>";
		};
/* End PBXGroup section */

/* Begin PBXNativeTarget section */
		8DD76F620486A84900D96B5E /* unibot */ = {
			isa = PBXNativeTarget;
			buildConfigurationList = 1DEB923108733DC60010E9CD /* Build configuration list for PBXNativeTarget "unibot" */;
			buildPhases = (
				5C5CC7CF1016980D002CA8CC /* ShellScript */,
				8DD76F640486A84900D96B5E /* Sources */,
				8DD76F660486A84900D96B5E /* Frameworks */,
				8DD76F690486A84900D96B5E /* CopyFiles */,
			);
			buildRules = (
			);
			dependencies = (
			);
			name = unibot;
			productInstallPath = "$(HOME)/bin";
			productName = unibot;
			productReference = 8DD76F6C0486A84900D96B5E /* unibot_d */;
			productType = "com.apple.product-type.tool";
		};
/* End PBXNativeTarget section */

/* Begin PBXProject section */
		08FB7793FE84155DC02AAC07 /* Project object */ = {
			isa = PBXProject;
			buildConfigurationList = 1DEB923508733DC60010E9CD /* Build configuration list for PBXProject "unibot" */;
			compatibilityVersion = "Xcode 3.1";
			hasScannedForEncodings = 1;
			mainGroup = 08FB7794FE84155DC02AAC07 /* unibot */;
			projectDirPath = "";
			projectRoot = "";
			targets = (
				8DD76F620486A84900D96B5E /* unibot */,
			);
		};
/* End PBXProject section */

/* Begin PBXShellScriptBuildPhase section */
		5C5CC7CF1016980D002CA8CC /* ShellScript */ = {
			isa = PBXShellScriptBuildPhase;
			buildActionMask = 2147483647;
			files = (
			);
			inputPaths = (
			);
			outputPaths = (
			);
			runOnlyForDeploymentPostprocessing = 0;
			shellPath = /bin/sh;
			shellScript = "cat build_version | awk '{system(\"echo `expr \" $1 \" + 1` > build_version\");}'\ncat build_version | awk '{system(\"echo \\\"#define UNIBOT_BUILD_VERSION \" $1 \"\\\" > build_version.h\");}'";
		};
/* End PBXShellScriptBuildPhase section */

/* Begin PBXSourcesBuildPhase section */
		8DD76F640486A84900D96B5E /* Sources */ = {
			isa = PBXSourcesBuildPhase;
			buildActionMask = 2147483647;
			files = (
				8DD76F650486A84900D96B5E /* main.cpp in Sources */,
				5CFAD2C0100E35EF00CEA98D /* log.cpp in Sources */,
				5CFAD2C3100E35FD00CEA98D /* bot_handler.cpp in Sources */,
				5CFAD2C6100E360400CEA98D /* bot_states.cpp in Sources */,
				5CFAD2C9100E360E00CEA98D /* config.cpp in Sources */,
				5CFF82E910100058002C85DF /* util.cpp in Sources */,
				5CA2C5E611258F98007EC336 /* lua.cpp in Sources */,
				5CFD59B011271710001065D4 /* lua_bindings.cpp in Sources */,
				5CDDFABF113474C800B501B5 /* env.lua in Sources */,
			);
			runOnlyForDeploymentPostprocessing = 0;
		};
/* End PBXSourcesBuildPhase section */

/* Begin XCBuildConfiguration section */
		1DEB923208733DC60010E9CD /* Debug */ = {
			isa = XCBuildConfiguration;
			buildSettings = {
				ALWAYS_SEARCH_USER_PATHS = NO;
				ARCHS = (
					x86_64,
					i386,
				);
				CONFIGURATION_BUILD_DIR = .;
				COPY_PHASE_STRIP = NO;
				ENABLE_OPENMP_SUPPORT = NO;
				GCC_DYNAMIC_NO_PIC = NO;
				GCC_ENABLE_FIX_AND_CONTINUE = YES;
				GCC_ENABLE_PASCAL_STRINGS = NO;
				GCC_MODEL_TUNING = "";
				GCC_OPTIMIZATION_LEVEL = 0;
				GCC_VERSION = 4.2;
				GCC_WARN_64_TO_32_BIT_CONVERSION = YES;
				GCC_WARN_ABOUT_MISSING_NEWLINE = YES;
				GCC_WARN_CHECK_SWITCH_STATEMENTS = YES;
				GCC_WARN_SIGN_COMPARE = YES;
				HEADER_SEARCH_PATHS = /usr/local/include;
				INSTALL_PATH = /usr/local/bin;
				PRODUCT_NAME = unibot_d;
				SDKROOT = macosx10.5;
				STRINGS_FILE_OUTPUT_ENCODING = "UTF-8";
				VALID_ARCHS = "i386 x86_64";
				VERSIONING_SYSTEM = "";
			};
			name = Debug;
		};
		1DEB923308733DC60010E9CD /* Release */ = {
			isa = XCBuildConfiguration;
			buildSettings = {
				ALWAYS_SEARCH_USER_PATHS = NO;
				ARCHS = (
					x86_64,
					i386,
				);
				CONFIGURATION_BUILD_DIR = .;
				DEBUG_INFORMATION_FORMAT = "dwarf-with-dsym";
				ENABLE_OPENMP_SUPPORT = NO;
				GCC_AUTO_VECTORIZATION = YES;
				GCC_ENABLE_SSE3_EXTENSIONS = YES;
				GCC_ENABLE_SSE41_EXTENSIONS = YES;
				GCC_MODEL_PPC64 = YES;
				GCC_MODEL_TUNING = "";
				GCC_OPTIMIZATION_LEVEL = 3;
				GCC_UNROLL_LOOPS = YES;
				GCC_VERSION = com.apple.compilers.llvmgcc42;
				GCC_WARN_64_TO_32_BIT_CONVERSION = YES;
				GCC_WARN_ABOUT_MISSING_NEWLINE = YES;
				GCC_WARN_CHECK_SWITCH_STATEMENTS = YES;
				GCC_WARN_SIGN_COMPARE = YES;
				HEADER_SEARCH_PATHS = /usr/local/include;
				INSTALL_PATH = /usr/local/bin;
				PRODUCT_NAME = unibot;
				SDKROOT = macosx10.5;
				STRINGS_FILE_OUTPUT_ENCODING = "UTF-8";
				VALID_ARCHS = "i386 x86_64";
			};
			name = Release;
		};
		1DEB923608733DC60010E9CD /* Debug */ = {
			isa = XCBuildConfiguration;
			buildSettings = {
				ARCHS = "$(ARCHS_STANDARD_32_64_BIT)";
				GCC_C_LANGUAGE_STANDARD = gnu99;
				GCC_OPTIMIZATION_LEVEL = 0;
				GCC_WARN_ABOUT_RETURN_TYPE = YES;
				GCC_WARN_UNUSED_VARIABLE = YES;
				ONLY_ACTIVE_ARCH = YES;
				PREBINDING = NO;
				SDKROOT = macosx10.6;
			};
			name = Debug;
		};
		1DEB923708733DC60010E9CD /* Release */ = {
			isa = XCBuildConfiguration;
			buildSettings = {
				ARCHS = "$(ARCHS_STANDARD_32_64_BIT)";
				GCC_C_LANGUAGE_STANDARD = gnu99;
				GCC_WARN_ABOUT_RETURN_TYPE = YES;
				GCC_WARN_UNUSED_VARIABLE = YES;
				PREBINDING = NO;
				SDKROOT = macosx10.6;
			};
			name = Release;
		};
/* End XCBuildConfiguration section */

/* Begin XCConfigurationList section */
		1DEB923108733DC60010E9CD /* Build configuration list for PBXNativeTarget "unibot" */ = {
			isa = XCConfigurationList;
			buildConfigurations = (
				1DEB923208733DC60010E9CD /* Debug */,
				1DEB923308733DC60010E9CD /* Release */,
			);
			defaultConfigurationIsVisible = 0;
			defaultConfigurationName = Release;
		};
		1DEB923508733DC60010E9CD /* Build configuration list for PBXProject "unibot" */ = {
			isa = XCConfigurationList;
			buildConfigurations = (
				1DEB923608733DC60010E9CD /* Debug */,
				1DEB923708733DC60010E9CD /* Release */,
			);
			defaultConfigurationIsVisible = 0;
			defaultConfigurationName = Release;
		};
/* End XCConfigurationList section */
	};
	rootObject = 08FB7793FE84155DC02AAC07 /* Project object */;
}
