// !$*UTF8*$!
{
	archiveVersion = 1;
	classes = {
	};
	objectVersion = 46;
	objects = {

/* Begin PBXBuildFile section */
		5C580983130CBD6C002D56DF /* bot_handler.cpp in Sources */ = {isa = PBXBuildFile; fileRef = 5C580963130CBD6C002D56DF /* bot_handler.cpp */; };
		5C580984130CBD6C002D56DF /* bot_states.cpp in Sources */ = {isa = PBXBuildFile; fileRef = 5C580965130CBD6C002D56DF /* bot_states.cpp */; };
		5C580985130CBD6C002D56DF /* config.cpp in Sources */ = {isa = PBXBuildFile; fileRef = 5C580968130CBD6C002D56DF /* config.cpp */; };
		5C580986130CBD6C002D56DF /* event_handler.cpp in Sources */ = {isa = PBXBuildFile; fileRef = 5C58096A130CBD6C002D56DF /* event_handler.cpp */; };
		5C580988130CBD6C002D56DF /* lua_bindings.cpp in Sources */ = {isa = PBXBuildFile; fileRef = 5C580971130CBD6C002D56DF /* lua_bindings.cpp */; };
		5C580989130CBD6C002D56DF /* lua.cpp in Sources */ = {isa = PBXBuildFile; fileRef = 5C580973130CBD6C002D56DF /* lua.cpp */; };
		5C58098A130CBD6C002D56DF /* main.cpp in Sources */ = {isa = PBXBuildFile; fileRef = 5C580975130CBD6C002D56DF /* main.cpp */; };
		5C8906F717984FA70075DC99 /* SDL2.framework in Frameworks */ = {isa = PBXBuildFile; fileRef = 5C8906F517984FA70075DC99 /* SDL2.framework */; };
		5CA2C5DF11258F32007EC336 /* lua.framework in Frameworks */ = {isa = PBXBuildFile; fileRef = 5CA2C5DE11258F32007EC336 /* lua.framework */; };
		5CFAD4AC100E514F00CEA98D /* Cocoa.framework in Frameworks */ = {isa = PBXBuildFile; fileRef = 5CFAD4AB100E514F00CEA98D /* Cocoa.framework */; };
		5CFAD4B2100E519700CEA98D /* AppKit.framework in Frameworks */ = {isa = PBXBuildFile; fileRef = 5CFAD4B1100E519700CEA98D /* AppKit.framework */; };
/* End PBXBuildFile section */

/* Begin PBXCopyFilesBuildPhase section */
		8DD76F690486A84900D96B5E /* CopyFiles */ = {
			isa = PBXCopyFilesBuildPhase;
			buildActionMask = 8;
			dstPath = /usr/share/man/man1/;
			dstSubfolderSpec = 0;
			files = (
			);
			runOnlyForDeploymentPostprocessing = 1;
		};
/* End PBXCopyFilesBuildPhase section */

/* Begin PBXFileReference section */
		5C0545391300236700E61960 /* exttable.lua */ = {isa = PBXFileReference; lastKnownFileType = text; path = exttable.lua; sourceTree = "<group>"; xcLanguageSpecificationIdentifier = xcode.lang.c; };
		5C05453B1301AEF000E61960 /* lua_bindings.html */ = {isa = PBXFileReference; lastKnownFileType = text.html; path = lua_bindings.html; sourceTree = "<group>"; };
		5C23366E11A8779100B69FFD /* reply.lua */ = {isa = PBXFileReference; fileEncoding = 4; lastKnownFileType = text; path = reply.lua; sourceTree = "<group>"; xcLanguageSpecificationIdentifier = xcode.lang.c; };
		5C26D02C113B0A8F00DE086A /* cmd.lua */ = {isa = PBXFileReference; fileEncoding = 4; lastKnownFileType = text; path = cmd.lua; sourceTree = "<group>"; };
		5C2AF81C11401E3600254A60 /* eastereggs.lua */ = {isa = PBXFileReference; fileEncoding = 4; lastKnownFileType = text; path = eastereggs.lua; sourceTree = "<group>"; };
		5C47756211833FFD003EB8BB /* identify.lua */ = {isa = PBXFileReference; fileEncoding = 4; lastKnownFileType = text; path = identify.lua; sourceTree = "<group>"; };
		5C4776F71183CA0D003EB8BB /* roulette.lua */ = {isa = PBXFileReference; fileEncoding = 4; lastKnownFileType = text; path = roulette.lua; sourceTree = "<group>"; };
		5C580963130CBD6C002D56DF /* bot_handler.cpp */ = {isa = PBXFileReference; fileEncoding = 4; lastKnownFileType = sourcecode.cpp.cpp; name = bot_handler.cpp; path = src/bot_handler.cpp; sourceTree = "<group>"; };
		5C580964130CBD6C002D56DF /* bot_handler.h */ = {isa = PBXFileReference; fileEncoding = 4; lastKnownFileType = sourcecode.c.h; name = bot_handler.h; path = src/bot_handler.h; sourceTree = "<group>"; };
		5C580965130CBD6C002D56DF /* bot_states.cpp */ = {isa = PBXFileReference; fileEncoding = 4; lastKnownFileType = sourcecode.cpp.cpp; name = bot_states.cpp; path = src/bot_states.cpp; sourceTree = "<group>"; };
		5C580966130CBD6C002D56DF /* bot_states.h */ = {isa = PBXFileReference; fileEncoding = 4; lastKnownFileType = sourcecode.c.h; name = bot_states.h; path = src/bot_states.h; sourceTree = "<group>"; };
		5C580968130CBD6C002D56DF /* config.cpp */ = {isa = PBXFileReference; fileEncoding = 4; lastKnownFileType = sourcecode.cpp.cpp; name = config.cpp; path = src/config.cpp; sourceTree = "<group>"; };
		5C580969130CBD6C002D56DF /* config.h */ = {isa = PBXFileReference; fileEncoding = 4; lastKnownFileType = sourcecode.c.h; name = config.h; path = src/config.h; sourceTree = "<group>"; };
		5C58096A130CBD6C002D56DF /* event_handler.cpp */ = {isa = PBXFileReference; fileEncoding = 4; lastKnownFileType = sourcecode.cpp.cpp; name = event_handler.cpp; path = src/event_handler.cpp; sourceTree = "<group>"; };
		5C58096B130CBD6C002D56DF /* event_handler.h */ = {isa = PBXFileReference; fileEncoding = 4; lastKnownFileType = sourcecode.c.h; name = event_handler.h; path = src/event_handler.h; sourceTree = "<group>"; };
		5C580971130CBD6C002D56DF /* lua_bindings.cpp */ = {isa = PBXFileReference; fileEncoding = 4; lastKnownFileType = sourcecode.cpp.cpp; name = lua_bindings.cpp; path = src/lua_bindings.cpp; sourceTree = "<group>"; };
		5C580972130CBD6C002D56DF /* lua_bindings.h */ = {isa = PBXFileReference; fileEncoding = 4; lastKnownFileType = sourcecode.c.h; name = lua_bindings.h; path = src/lua_bindings.h; sourceTree = "<group>"; };
		5C580973130CBD6C002D56DF /* lua.cpp */ = {isa = PBXFileReference; fileEncoding = 4; lastKnownFileType = sourcecode.cpp.cpp; name = lua.cpp; path = src/lua.cpp; sourceTree = "<group>"; };
		5C580974130CBD6C002D56DF /* lua.h */ = {isa = PBXFileReference; fileEncoding = 4; lastKnownFileType = sourcecode.c.h; name = lua.h; path = src/lua.h; sourceTree = "<group>"; };
		5C580975130CBD6C002D56DF /* main.cpp */ = {isa = PBXFileReference; fileEncoding = 4; lastKnownFileType = sourcecode.cpp.cpp; name = main.cpp; path = src/main.cpp; sourceTree = "<group>"; };
		5C580976130CBD6C002D56DF /* main.h */ = {isa = PBXFileReference; fileEncoding = 4; lastKnownFileType = sourcecode.c.h; name = main.h; path = src/main.h; sourceTree = "<group>"; };
		5C5F4422113D8663000A2C73 /* who_is_your_daddy.lua */ = {isa = PBXFileReference; fileEncoding = 4; lastKnownFileType = text; path = who_is_your_daddy.lua; sourceTree = "<group>"; };
		5C5F4426113D8663000A2C73 /* spec.lua */ = {isa = PBXFileReference; fileEncoding = 4; lastKnownFileType = text; path = spec.lua; sourceTree = "<group>"; };
		5C5F4428113D8663000A2C73 /* ping.lua */ = {isa = PBXFileReference; fileEncoding = 4; lastKnownFileType = text; path = ping.lua; sourceTree = "<group>"; };
		5C5F4429113D8663000A2C73 /* paste.lua */ = {isa = PBXFileReference; fileEncoding = 4; lastKnownFileType = text; path = paste.lua; sourceTree = "<group>"; };
		5C5F442B113D8663000A2C73 /* links.lua */ = {isa = PBXFileReference; fileEncoding = 4; lastKnownFileType = text; path = links.lua; sourceTree = "<group>"; };
		5C5F442C113D8663000A2C73 /* kick.lua */ = {isa = PBXFileReference; fileEncoding = 4; lastKnownFileType = text; path = kick.lua; sourceTree = "<group>"; };
		5C5F4441113D86DF000A2C73 /* global.lua */ = {isa = PBXFileReference; fileEncoding = 4; lastKnownFileType = text; path = global.lua; sourceTree = "<group>"; xcLanguageSpecificationIdentifier = xcode.lang.c; };
		5C5F448A113D8E7F000A2C73 /* src.lua */ = {isa = PBXFileReference; fileEncoding = 4; lastKnownFileType = text; path = src.lua; sourceTree = "<group>"; };
		5C713C40117679E7001B6645 /* ticket.lua */ = {isa = PBXFileReference; fileEncoding = 4; lastKnownFileType = text; path = ticket.lua; sourceTree = "<group>"; };
		5C749B691125BBEF0079A57A /* system.lua */ = {isa = PBXFileReference; fileEncoding = 4; lastKnownFileType = text; path = system.lua; sourceTree = "<group>"; xcLanguageSpecificationIdentifier = xcode.lang.lua; };
		5C749B6A1125BBEF0079A57A /* time.lua */ = {isa = PBXFileReference; fileEncoding = 4; lastKnownFileType = text; path = time.lua; sourceTree = "<group>"; xcLanguageSpecificationIdentifier = xcode.lang.lua; };
		5C8906F517984FA70075DC99 /* SDL2.framework */ = {isa = PBXFileReference; lastKnownFileType = wrapper.framework; name = SDL2.framework; path = Library/Frameworks/SDL2.framework; sourceTree = SDKROOT; };
		5C8906F617984FA70075DC99 /* SDL2_net.framework */ = {isa = PBXFileReference; lastKnownFileType = wrapper.framework; name = SDL2_net.framework; path = Library/Frameworks/SDL2_net.framework; sourceTree = SDKROOT; };
		5C8CA29E1304B0EC00F1A706 /* build_version.sh */ = {isa = PBXFileReference; lastKnownFileType = text.script.sh; path = build_version.sh; sourceTree = "<group>"; };
		5C9369B810125A0B0059AF48 /* premake4.lua */ = {isa = PBXFileReference; fileEncoding = 4; lastKnownFileType = text; path = premake4.lua; sourceTree = "<group>"; xcLanguageSpecificationIdentifier = xcode.lang.python; };
		5C95C40F1184EDEF005864D0 /* bindings_test.lua */ = {isa = PBXFileReference; fileEncoding = 4; lastKnownFileType = text; path = bindings_test.lua; sourceTree = "<group>"; };
		5C95C4131184EE58005864D0 /* test.lua */ = {isa = PBXFileReference; fileEncoding = 4; lastKnownFileType = text; path = test.lua; sourceTree = "<group>"; };
		5C95C482118628BB005864D0 /* texasholdem.lua */ = {isa = PBXFileReference; fileEncoding = 4; lastKnownFileType = text; path = texasholdem.lua; sourceTree = "<group>"; };
		5C98D84713113FE400D359FE /* premake.sh */ = {isa = PBXFileReference; lastKnownFileType = text.script.sh; path = premake.sh; sourceTree = "<group>"; };
		5CA2C5DE11258F32007EC336 /* lua.framework */ = {isa = PBXFileReference; lastKnownFileType = wrapper.framework; name = lua.framework; path = Library/Frameworks/lua.framework; sourceTree = SDKROOT; };
		5CA2C60B112592C9007EC336 /* help.lua */ = {isa = PBXFileReference; fileEncoding = 4; lastKnownFileType = text; path = help.lua; sourceTree = "<group>"; xcLanguageSpecificationIdentifier = xcode.lang.lua; };
		5CAD48761188837F00CA1EED /* game_framework.lua */ = {isa = PBXFileReference; fileEncoding = 4; lastKnownFileType = text; path = game_framework.lua; sourceTree = "<group>"; };
		5CBE72EE11710CB700A6C740 /* users.lua */ = {isa = PBXFileReference; fileEncoding = 4; lastKnownFileType = text; path = users.lua; sourceTree = "<group>"; };
		5CC8E3AE116B845000EFA722 /* dice.lua */ = {isa = PBXFileReference; fileEncoding = 4; lastKnownFileType = text; path = dice.lua; sourceTree = "<group>"; };
		5CC8E3AF116B845000EFA722 /* gitupdate.lua */ = {isa = PBXFileReference; fileEncoding = 4; lastKnownFileType = text; path = gitupdate.lua; sourceTree = "<group>"; };
		5CC8E3B0116B845000EFA722 /* slap.lua */ = {isa = PBXFileReference; fileEncoding = 4; lastKnownFileType = text; path = slap.lua; sourceTree = "<group>"; };
		5CCAF34C12FEDCB80080087C /* blackjack.lua */ = {isa = PBXFileReference; fileEncoding = 4; lastKnownFileType = text; path = blackjack.lua; sourceTree = "<group>"; };
		5CDDFABE113474C800B501B5 /* env.lua */ = {isa = PBXFileReference; fileEncoding = 4; lastKnownFileType = text; path = env.lua; sourceTree = "<group>"; };
		5CFAD304100E374800CEA98D /* SDL_net.framework */ = {isa = PBXFileReference; lastKnownFileType = wrapper.framework; name = SDL_net.framework; path = /Library/Frameworks/SDL_net.framework; sourceTree = "<absolute>"; };
		5CFAD44B100E503B00CEA98D /* SDL.framework */ = {isa = PBXFileReference; lastKnownFileType = wrapper.framework; name = SDL.framework; path = /Library/Frameworks/SDL.framework; sourceTree = "<absolute>"; };
		5CFAD4AB100E514F00CEA98D /* Cocoa.framework */ = {isa = PBXFileReference; lastKnownFileType = wrapper.framework; name = Cocoa.framework; path = /System/Library/Frameworks/Cocoa.framework; sourceTree = "<absolute>"; };
		5CFAD4B1100E519700CEA98D /* AppKit.framework */ = {isa = PBXFileReference; lastKnownFileType = wrapper.framework; name = AppKit.framework; path = /System/Library/Frameworks/AppKit.framework; sourceTree = "<absolute>"; };
		8DD76F6C0486A84900D96B5E /* unibotd */ = {isa = PBXFileReference; explicitFileType = "compiled.mach-o.executable"; includeInIndex = 0; path = unibotd; sourceTree = BUILT_PRODUCTS_DIR; };
/* End PBXFileReference section */

/* Begin PBXFrameworksBuildPhase section */
		8DD76F660486A84900D96B5E /* Frameworks */ = {
			isa = PBXFrameworksBuildPhase;
			buildActionMask = 2147483647;
			files = (
				5C8906F717984FA70075DC99 /* SDL2.framework in Frameworks */,
				5CFAD4AC100E514F00CEA98D /* Cocoa.framework in Frameworks */,
				5CFAD4B2100E519700CEA98D /* AppKit.framework in Frameworks */,
				5CA2C5DF11258F32007EC336 /* lua.framework in Frameworks */,
			);
			runOnlyForDeploymentPostprocessing = 0;
		};
/* End PBXFrameworksBuildPhase section */

/* Begin PBXGroup section */
		08FB7794FE84155DC02AAC07 /* unibot */ = {
			isa = PBXGroup;
			children = (
				5C9369B810125A0B0059AF48 /* premake4.lua */,
				5C98D84713113FE400D359FE /* premake.sh */,
				5C8CA29E1304B0EC00F1A706 /* build_version.sh */,
				5C05453A1301AEEF00E61960 /* doc */,
				08FB7795FE84155DC02AAC07 /* Source */,
				5CA2C6091125929D007EC336 /* scripts */,
				5CFAD475100E504500CEA98D /* Frameworks */,
				1AB674ADFE9D54B511CA2CBB /* Products */,
			);
			name = unibot;
			sourceTree = "<group>";
		};
		08FB7795FE84155DC02AAC07 /* Source */ = {
			isa = PBXGroup;
			children = (
				5C580975130CBD6C002D56DF /* main.cpp */,
				5C580976130CBD6C002D56DF /* main.h */,
				5C580963130CBD6C002D56DF /* bot_handler.cpp */,
				5C580964130CBD6C002D56DF /* bot_handler.h */,
				5C580965130CBD6C002D56DF /* bot_states.cpp */,
				5C580966130CBD6C002D56DF /* bot_states.h */,
				5C580968130CBD6C002D56DF /* config.cpp */,
				5C580969130CBD6C002D56DF /* config.h */,
				5C58096A130CBD6C002D56DF /* event_handler.cpp */,
				5C58096B130CBD6C002D56DF /* event_handler.h */,
				5C580971130CBD6C002D56DF /* lua_bindings.cpp */,
				5C580972130CBD6C002D56DF /* lua_bindings.h */,
				5C580973130CBD6C002D56DF /* lua.cpp */,
				5C580974130CBD6C002D56DF /* lua.h */,
			);
			name = Source;
			sourceTree = "<group>";
		};
		1AB674ADFE9D54B511CA2CBB /* Products */ = {
			isa = PBXGroup;
			children = (
				8DD76F6C0486A84900D96B5E /* unibotd */,
			);
			name = Products;
			sourceTree = "<group>";
		};
		5C05453A1301AEEF00E61960 /* doc */ = {
			isa = PBXGroup;
			children = (
				5C05453B1301AEF000E61960 /* lua_bindings.html */,
			);
			path = doc;
			sourceTree = "<group>";
		};
		5C4776F61183CA0D003EB8BB /* games */ = {
			isa = PBXGroup;
			children = (
				5CCAF34C12FEDCB80080087C /* blackjack.lua */,
				5C4776F71183CA0D003EB8BB /* roulette.lua */,
				5C95C482118628BB005864D0 /* texasholdem.lua */,
			);
			path = games;
			sourceTree = "<group>";
		};
		5C5F4440113D86DF000A2C73 /* include */ = {
			isa = PBXGroup;
			children = (
				5C5F4441113D86DF000A2C73 /* global.lua */,
				5C0545391300236700E61960 /* exttable.lua */,
				5CAD48761188837F00CA1EED /* game_framework.lua */,
			);
			path = include;
			sourceTree = "<group>";
		};
		5C95C40E1184EDEF005864D0 /* tests */ = {
			isa = PBXGroup;
			children = (
				5C95C40F1184EDEF005864D0 /* bindings_test.lua */,
				5C95C4131184EE58005864D0 /* test.lua */,
				5C23366E11A8779100B69FFD /* reply.lua */,
			);
			path = tests;
			sourceTree = "<group>";
		};
		5CA2C6091125929D007EC336 /* scripts */ = {
			isa = PBXGroup;
			children = (
				5C5F4440113D86DF000A2C73 /* include */,
				5C95C40E1184EDEF005864D0 /* tests */,
				5C4776F61183CA0D003EB8BB /* games */,
				5C26D02C113B0A8F00DE086A /* cmd.lua */,
				5CC8E3AE116B845000EFA722 /* dice.lua */,
				5C2AF81C11401E3600254A60 /* eastereggs.lua */,
				5CDDFABE113474C800B501B5 /* env.lua */,
				5CC8E3AF116B845000EFA722 /* gitupdate.lua */,
				5CA2C60B112592C9007EC336 /* help.lua */,
				5C47756211833FFD003EB8BB /* identify.lua */,
				5C5F442C113D8663000A2C73 /* kick.lua */,
				5C5F442B113D8663000A2C73 /* links.lua */,
				5C5F4429113D8663000A2C73 /* paste.lua */,
				5C5F4428113D8663000A2C73 /* ping.lua */,
				5CC8E3B0116B845000EFA722 /* slap.lua */,
				5C5F4426113D8663000A2C73 /* spec.lua */,
				5C5F448A113D8E7F000A2C73 /* src.lua */,
				5C749B691125BBEF0079A57A /* system.lua */,
				5C713C40117679E7001B6645 /* ticket.lua */,
				5C749B6A1125BBEF0079A57A /* time.lua */,
				5CBE72EE11710CB700A6C740 /* users.lua */,
				5C5F4422113D8663000A2C73 /* who_is_your_daddy.lua */,
			);
			path = scripts;
			sourceTree = "<group>";
		};
		5CFAD475100E504500CEA98D /* Frameworks */ = {
			isa = PBXGroup;
			children = (
				5C8906F517984FA70075DC99 /* SDL2.framework */,
				5C8906F617984FA70075DC99 /* SDL2_net.framework */,
				5CFAD4B1100E519700CEA98D /* AppKit.framework */,
				5CFAD4AB100E514F00CEA98D /* Cocoa.framework */,
				5CFAD44B100E503B00CEA98D /* SDL.framework */,
				5CFAD304100E374800CEA98D /* SDL_net.framework */,
				5CA2C5DE11258F32007EC336 /* lua.framework */,
			);
			name = Frameworks;
			sourceTree = "<group>";
		};
/* End PBXGroup section */

/* Begin PBXNativeTarget section */
		8DD76F620486A84900D96B5E /* unibot */ = {
			isa = PBXNativeTarget;
			buildConfigurationList = 1DEB923108733DC60010E9CD /* Build configuration list for PBXNativeTarget "unibot" */;
			buildPhases = (
				5C5CC7CF1016980D002CA8CC /* ShellScript */,
				8DD76F640486A84900D96B5E /* Sources */,
				8DD76F660486A84900D96B5E /* Frameworks */,
				8DD76F690486A84900D96B5E /* CopyFiles */,
			);
			buildRules = (
			);
			dependencies = (
			);
			name = unibot;
			productInstallPath = "$(HOME)/bin";
			productName = unibot;
			productReference = 8DD76F6C0486A84900D96B5E /* unibotd */;
			productType = "com.apple.product-type.tool";
		};
/* End PBXNativeTarget section */

/* Begin PBXProject section */
		08FB7793FE84155DC02AAC07 /* Project object */ = {
			isa = PBXProject;
			attributes = {
				LastUpgradeCheck = 0500;
			};
			buildConfigurationList = 1DEB923508733DC60010E9CD /* Build configuration list for PBXProject "unibot" */;
			compatibilityVersion = "Xcode 3.2";
			developmentRegion = English;
			hasScannedForEncodings = 1;
			knownRegions = (
				English,
				Japanese,
				French,
				German,
			);
			mainGroup = 08FB7794FE84155DC02AAC07 /* unibot */;
			projectDirPath = "";
			projectRoot = "";
			targets = (
				8DD76F620486A84900D96B5E /* unibot */,
			);
		};
/* End PBXProject section */

/* Begin PBXShellScriptBuildPhase section */
		5C5CC7CF1016980D002CA8CC /* ShellScript */ = {
			isa = PBXShellScriptBuildPhase;
			buildActionMask = 2147483647;
			files = (
			);
			inputPaths = (
			);
			outputPaths = (
			);
			runOnlyForDeploymentPostprocessing = 0;
			shellPath = /bin/sh;
			shellScript = "./build_version.sh\n";
		};
/* End PBXShellScriptBuildPhase section */

/* Begin PBXSourcesBuildPhase section */
		8DD76F640486A84900D96B5E /* Sources */ = {
			isa = PBXSourcesBuildPhase;
			buildActionMask = 2147483647;
			files = (
				5C580983130CBD6C002D56DF /* bot_handler.cpp in Sources */,
				5C580984130CBD6C002D56DF /* bot_states.cpp in Sources */,
				5C580985130CBD6C002D56DF /* config.cpp in Sources */,
				5C580986130CBD6C002D56DF /* event_handler.cpp in Sources */,
				5C580988130CBD6C002D56DF /* lua_bindings.cpp in Sources */,
				5C580989130CBD6C002D56DF /* lua.cpp in Sources */,
				5C58098A130CBD6C002D56DF /* main.cpp in Sources */,
			);
			runOnlyForDeploymentPostprocessing = 0;
		};
/* End PBXSourcesBuildPhase section */

/* Begin XCBuildConfiguration section */
		1DEB923208733DC60010E9CD /* Debug */ = {
			isa = XCBuildConfiguration;
			buildSettings = {
			};
			name = Debug;
		};
		1DEB923308733DC60010E9CD /* Release */ = {
			isa = XCBuildConfiguration;
			buildSettings = {
			};
			name = Release;
		};
		1DEB923608733DC60010E9CD /* Debug */ = {
			isa = XCBuildConfiguration;
			buildSettings = {
				ARCHS = "$(ARCHS_STANDARD_64_BIT)";
				CLANG_ANALYZER_SECURITY_FLOATLOOPCOUNTER = YES;
				CLANG_ANALYZER_SECURITY_INSECUREAPI_RAND = YES;
				CLANG_ANALYZER_SECURITY_INSECUREAPI_STRCPY = YES;
				CLANG_CXX_LANGUAGE_STANDARD = "c++0x";
				CLANG_CXX_LIBRARY = "libc++";
				CLANG_ENABLE_MODULES = YES;
				CLANG_WARN_BOOL_CONVERSION = YES;
				CLANG_WARN_CONSTANT_CONVERSION = YES;
				CLANG_WARN_EMPTY_BODY = YES;
				CLANG_WARN_ENUM_CONVERSION = YES;
				CLANG_WARN_INT_CONVERSION = YES;
				CLANG_WARN__DUPLICATE_METHOD_MATCH = YES;
				CLANG_X86_VECTOR_INSTRUCTIONS = sse4.1;
				CONFIGURATION_BUILD_DIR = bin;
				COPY_PHASE_STRIP = NO;
				DEBUG_INFORMATION_FORMAT = dwarf;
				GCC_C_LANGUAGE_STANDARD = c11;
				GCC_DYNAMIC_NO_PIC = YES;
				GCC_INCREASE_PRECOMPILED_HEADER_SHARING = YES;
				GCC_OPTIMIZATION_LEVEL = 0;
				GCC_PRECOMPILE_PREFIX_HEADER = YES;
				GCC_PREPROCESSOR_DEFINITIONS = (
					DEBUG,
					"FLOOR_DEBUG=1",
					"FLOOR_EXPORT=1",
					"TCC_LIB_ONLY=1",
					PLATFORM_X64,
					"FLOOR_NET_PROTOCOL=TCP_protocol",
				);
				GCC_SYMBOLS_PRIVATE_EXTERN = NO;
				GCC_UNROLL_LOOPS = YES;
				GCC_VERSION = com.apple.compilers.llvm.clang.1_0;
				GCC_WARN_ABOUT_MISSING_NEWLINE = YES;
				GCC_WARN_ABOUT_RETURN_TYPE = YES;
				GCC_WARN_SIGN_COMPARE = YES;
				GCC_WARN_UNDECLARED_SELECTOR = YES;
				GCC_WARN_UNINITIALIZED_AUTOS = YES;
				GCC_WARN_UNUSED_FUNCTION = YES;
				GCC_WARN_UNUSED_VARIABLE = YES;
				HEADER_SEARCH_PATHS = (
					.,
					/usr/local/include/floor,
				);
				INSTALL_PATH = /usr/local/bin;
				LD_RUNPATH_SEARCH_PATHS = "/usr/local/lib /usr/lib @loader_path/../Resources @loader_path/../Frameworks /Library/Frameworks";
				LIBRARY_SEARCH_PATHS = (
					/usr/local/lib,
					/usr/lib,
					/usr/X11/lib,
				);
				LLVM_VECTORIZE_LOOPS = YES;
				MACOSX_DEPLOYMENT_TARGET = 10.7;
				ONLY_ACTIVE_ARCH = YES;
				OTHER_CFLAGS = (
					"-fparse-all-comments",
					"-isystem",
					/usr/X11/include,
					"-isystem",
					/usr/include/libxml2,
					"-isystem",
					/usr/local/include,
				);
				OTHER_CPLUSPLUSFLAGS = (
					"$(OTHER_CFLAGS)",
					"-fno-elide-type",
					"-fdiagnostics-show-template-tree",
				);
				OTHER_LDFLAGS = "-lfloord";
				PRIVATE_HEADERS_FOLDER_PATH = /usr/local/include;
				PRODUCT_NAME = unibotd;
				SDKROOT = macosx;
				STRINGS_FILE_OUTPUT_ENCODING = "UTF-8";
				STRIP_STYLE = debugging;
				VALID_ARCHS = x86_64;
				WARNING_CFLAGS = (
					"-Weverything",
					"-Wno-c++98-compat",
					"-Wno-c++98-compat-pedantic",
					"-Wno-c99-extensions",
					"-Wno-header-hygiene",
					"-Wno-gnu",
					"-Wno-float-equal",
					"-Wno-documentation",
					"-Wno-system-headers",
					"-Wno-global-constructors",
					"-Wno-padded",
					"-Wno-packed",
					"-Wno-switch-enum",
					"-Wno-sign-conversion",
					"-Wno-conversion",
					"-Wno-exit-time-destructors",
					"-Wno-unknown-warning-option",
					"-Wmissing-field-initializers",
					"-Wmissing-prototypes",
					"-Wreturn-type",
					"-Woverloaded-virtual",
					"-Wmissing-braces",
					"-Wunused-function",
					"-Wunused-label",
					"-Wunused-parameter",
					"-Wunused-variable",
					"-Wuninitialized",
					"-Wunknown-pragmas",
					"-Wfour-char-constants",
					"-Wshorten-64-to-32",
					"-Wnewline-eof",
					"-Wnon-virtual-dtor",
					"-Wno-nested-anon-types",
				);
			};
			name = Debug;
		};
		1DEB923708733DC60010E9CD /* Release */ = {
			isa = XCBuildConfiguration;
			buildSettings = {
				ARCHS = "$(ARCHS_STANDARD_64_BIT)";
				CLANG_ANALYZER_SECURITY_FLOATLOOPCOUNTER = YES;
				CLANG_ANALYZER_SECURITY_INSECUREAPI_RAND = YES;
				CLANG_ANALYZER_SECURITY_INSECUREAPI_STRCPY = YES;
				CLANG_CXX_LANGUAGE_STANDARD = "c++0x";
				CLANG_CXX_LIBRARY = "libc++";
				CLANG_ENABLE_MODULES = YES;
				CLANG_WARN_BOOL_CONVERSION = YES;
				CLANG_WARN_CONSTANT_CONVERSION = YES;
				CLANG_WARN_EMPTY_BODY = YES;
				CLANG_WARN_ENUM_CONVERSION = YES;
				CLANG_WARN_INT_CONVERSION = YES;
				CLANG_WARN__DUPLICATE_METHOD_MATCH = YES;
				CLANG_X86_VECTOR_INSTRUCTIONS = sse4.1;
				CONFIGURATION_BUILD_DIR = bin;
				COPY_PHASE_STRIP = YES;
				DEBUG_INFORMATION_FORMAT = "dwarf-with-dsym";
				GCC_C_LANGUAGE_STANDARD = c11;
				GCC_DYNAMIC_NO_PIC = YES;
				GCC_INCREASE_PRECOMPILED_HEADER_SHARING = YES;
				GCC_OPTIMIZATION_LEVEL = fast;
				GCC_PRECOMPILE_PREFIX_HEADER = YES;
				GCC_PREPROCESSOR_DEFINITIONS = (
					"FLOOR_EXPORT=1",
					"TCC_LIB_ONLY=1",
					PLATFORM_X64,
					"FLOOR_NET_PROTOCOL=TCP_protocol",
				);
				GCC_SYMBOLS_PRIVATE_EXTERN = NO;
				GCC_UNROLL_LOOPS = YES;
				GCC_VERSION = com.apple.compilers.llvm.clang.1_0;
				GCC_WARN_ABOUT_MISSING_NEWLINE = YES;
				GCC_WARN_ABOUT_RETURN_TYPE = YES;
				GCC_WARN_SIGN_COMPARE = YES;
				GCC_WARN_UNDECLARED_SELECTOR = YES;
				GCC_WARN_UNINITIALIZED_AUTOS = YES;
				GCC_WARN_UNUSED_FUNCTION = YES;
				GCC_WARN_UNUSED_VARIABLE = YES;
				HEADER_SEARCH_PATHS = (
					.,
					/usr/local/include/floor,
				);
				INSTALL_PATH = /usr/local/bin;
				LD_RUNPATH_SEARCH_PATHS = "/usr/local/lib /usr/lib @loader_path/../Resources @loader_path/../Frameworks /Library/Frameworks";
				LIBRARY_SEARCH_PATHS = (
					/usr/local/lib,
					/usr/lib,
					/usr/X11/lib,
				);
				LLVM_VECTORIZE_LOOPS = YES;
				MACOSX_DEPLOYMENT_TARGET = 10.7;
				OTHER_CFLAGS = (
					"-fparse-all-comments",
					"-isystem",
					/usr/X11/include,
					"-isystem",
					/usr/include/libxml2,
					"-isystem",
					/usr/local/include,
				);
				OTHER_CPLUSPLUSFLAGS = (
					"$(OTHER_CFLAGS)",
					"-fno-elide-type",
					"-fdiagnostics-show-template-tree",
				);
				OTHER_LDFLAGS = "-lfloor";
				PRIVATE_HEADERS_FOLDER_PATH = /usr/local/include;
				PRODUCT_NAME = unibot;
				SDKROOT = macosx;
				STRINGS_FILE_OUTPUT_ENCODING = "UTF-8";
				STRIP_STYLE = debugging;
				VALID_ARCHS = x86_64;
				WARNING_CFLAGS = (
					"-Weverything",
					"-Wno-c++98-compat",
					"-Wno-c++98-compat-pedantic",
					"-Wno-c99-extensions",
					"-Wno-header-hygiene",
					"-Wno-gnu",
					"-Wno-float-equal",
					"-Wno-documentation",
					"-Wno-system-headers",
					"-Wno-global-constructors",
					"-Wno-padded",
					"-Wno-packed",
					"-Wno-switch-enum",
					"-Wno-sign-conversion",
					"-Wno-conversion",
					"-Wno-exit-time-destructors",
					"-Wno-unknown-warning-option",
					"-Wmissing-field-initializers",
					"-Wmissing-prototypes",
					"-Wreturn-type",
					"-Woverloaded-virtual",
					"-Wmissing-braces",
					"-Wunused-function",
					"-Wunused-label",
					"-Wunused-parameter",
					"-Wunused-variable",
					"-Wuninitialized",
					"-Wunknown-pragmas",
					"-Wfour-char-constants",
					"-Wshorten-64-to-32",
					"-Wnewline-eof",
					"-Wnon-virtual-dtor",
					"-Wno-nested-anon-types",
				);
			};
			name = Release;
		};
/* End XCBuildConfiguration section */

/* Begin XCConfigurationList section */
		1DEB923108733DC60010E9CD /* Build configuration list for PBXNativeTarget "unibot" */ = {
			isa = XCConfigurationList;
			buildConfigurations = (
				1DEB923208733DC60010E9CD /* Debug */,
				1DEB923308733DC60010E9CD /* Release */,
			);
			defaultConfigurationIsVisible = 0;
			defaultConfigurationName = Release;
		};
		1DEB923508733DC60010E9CD /* Build configuration list for PBXProject "unibot" */ = {
			isa = XCConfigurationList;
			buildConfigurations = (
				1DEB923608733DC60010E9CD /* Debug */,
				1DEB923708733DC60010E9CD /* Release */,
			);
			defaultConfigurationIsVisible = 0;
			defaultConfigurationName = Release;
		};
/* End XCConfigurationList section */
	};
	rootObject = 08FB7793FE84155DC02AAC07 /* Project object */;
}
